
Microsoft Visual Studio Solution File, Format Version 12.00
# Visual Studio 2013
VisualStudioVersion = 12.0.40629.0
MinimumVisualStudioVersion = 10.0.40219.1
Project("{FAE04EC0-301F-11D3-BF4B-00C04F79EFBC}") = "SopaLetrasApp", "SopaLetrasApp\SopaLetrasApp.csproj", "{AF9A1AA3-05DF-4FE2-AB6A-75FE2C89F454}"
EndProject
Project("{FAE04EC0-301F-11D3-BF4B-00C04F79EFBC}") = "SopaLetras.Lib", "SopaLetras.lib\SopaLetras.Lib.csproj", "{F297D657-F5E0-4DA9-869F-C03158F0EDD3}"
EndProject
Project("{FAE04EC0-301F-11D3-BF4B-00C04F79EFBC}") = "SopaLetrasWebApi", "SopaLetrasWebApi\SopaLetrasWebApi.csproj", "{9042358E-75B9-4108-B391-3C221F7A0AD3}"
EndProject
Project("{FAE04EC0-301F-11D3-BF4B-00C04F79EFBC}") = "SopaLetrasDataAccess", "SopaLetrasDataAccess\SopaLetrasDataAccess.csproj", "{AAA218A1-EC11-4B26-95F5-C40CD1937645}"
EndProject
Project("{FAE04EC0-301F-11D3-BF4B-00C04F79EFBC}") = "SopaLetrasUnitTest", "SopaLetrasUnitTest\SopaLetrasUnitTest.csproj", "{9C175DC2-702A-4746-ADF8-58FC2EE9EA25}"
EndProject
Global
	GlobalSection(SolutionConfigurationPlatforms) = preSolution
		Debug|Any CPU = Debug|Any CPU
		Release|Any CPU = Release|Any CPU
	EndGlobalSection
	GlobalSection(ProjectConfigurationPlatforms) = postSolution
		{AF9A1AA3-05DF-4FE2-AB6A-75FE2C89F454}.Debug|Any CPU.ActiveCfg = Debug|Any CPU
		{AF9A1AA3-05DF-4FE2-AB6A-75FE2C89F454}.Debug|Any CPU.Build.0 = Debug|Any CPU
		{AF9A1AA3-05DF-4FE2-AB6A-75FE2C89F454}.Release|Any CPU.ActiveCfg = Release|Any CPU
		{AF9A1AA3-05DF-4FE2-AB6A-75FE2C89F454}.Release|Any CPU.Build.0 = Release|Any CPU
		{F297D657-F5E0-4DA9-869F-C03158F0EDD3}.Debug|Any CPU.ActiveCfg = Debug|Any CPU
		{F297D657-F5E0-4DA9-869F-C03158F0EDD3}.Debug|Any CPU.Build.0 = Debug|Any CPU
		{F297D657-F5E0-4DA9-869F-C03158F0EDD3}.Release|Any CPU.ActiveCfg = Release|Any CPU
		{F297D657-F5E0-4DA9-869F-C03158F0EDD3}.Release|Any CPU.Build.0 = Release|Any CPU
		{9042358E-75B9-4108-B391-3C221F7A0AD3}.Debug|Any CPU.ActiveCfg = Debug|Any CPU
		{9042358E-75B9-4108-B391-3C221F7A0AD3}.Debug|Any CPU.Build.0 = Debug|Any CPU
		{9042358E-75B9-4108-B391-3C221F7A0AD3}.Release|Any CPU.ActiveCfg = Release|Any CPU
		{9042358E-75B9-4108-B391-3C221F7A0AD3}.Release|Any CPU.Build.0 = Release|Any CPU
		{AAA218A1-EC11-4B26-95F5-C40CD1937645}.Debug|Any CPU.ActiveCfg = Debug|Any CPU
		{AAA218A1-EC11-4B26-95F5-C40CD1937645}.Debug|Any CPU.Build.0 = Debug|Any CPU
		{AAA218A1-EC11-4B26-95F5-C40CD1937645}.Release|Any CPU.ActiveCfg = Release|Any CPU
		{AAA218A1-EC11-4B26-95F5-C40CD1937645}.Release|Any CPU.Build.0 = Release|Any CPU
		{9C175DC2-702A-4746-ADF8-58FC2EE9EA25}.Debug|Any CPU.ActiveCfg = Debug|Any CPU
		{9C175DC2-702A-4746-ADF8-58FC2EE9EA25}.Debug|Any CPU.Build.0 = Debug|Any CPU
		{9C175DC2-702A-4746-ADF8-58FC2EE9EA25}.Release|Any CPU.ActiveCfg = Release|Any CPU
		{9C175DC2-702A-4746-ADF8-58FC2EE9EA25}.Release|Any CPU.Build.0 = Release|Any CPU
	EndGlobalSection
	GlobalSection(SolutionProperties) = preSolution
		HideSolutionNode = FALSE
	EndGlobalSection
EndGlobal
